{
  "name": "repaso",
  "version": "1.0.0",
  "lockfileVersion": 1,
  "requires": true,
  "dependencies": {
    "functional-light": {
      "version": "0.6.0",
      "resolved": "https://registry.npmjs.org/functional-light/-/functional-light-0.6.0.tgz",
      "integrity": "sha512-KfSDy0I8gJkkgRffa6/KLqaePzWP2vcFIL1bwagJ4V0tC1Hcerh6tMQGEby0fOZvajzdxRSKhhut5HlgEfa2/A=="
    }
  }
}
